<?xml version="1.0" encoding="utf-8"?>
<Project ToolsVersion="4.0" xmlns="http://schemas.microsoft.com/developer/msbuild/2003">
  <ItemGroup>
    <Filter Include="Source Files">
      <UniqueIdentifier>{4FC737F1-C7A5-4376-A066-2A32D752A2FF}</UniqueIdentifier>
      <Extensions>cpp;c;cc;cxx;c++;cppm;ixx;def;odl;idl;hpj;bat;asm;asmx</Extensions>
    </Filter>
    <Filter Include="Header Files">
      <UniqueIdentifier>{93995380-89BD-4b04-88EB-625FBE52EBFB}</UniqueIdentifier>
      <Extensions>h;hh;hpp;hxx;h++;hm;inl;inc;ipp;xsd</Extensions>
    </Filter>
    <Filter Include="Resource Files">
      <UniqueIdentifier>{67DA6AB6-F800-4c08-8B7A-83BB121AAD01}</UniqueIdentifier>
      <Extensions>rc;ico;cur;bmp;dlg;rc2;rct;bin;rgs;gif;jpg;jpeg;jpe;resx;tiff;tif;png;wav;mfcribbon-ms</Extensions>
    </Filter>
    <Filter Include="Header Files\characters">
      <UniqueIdentifier>{e0a84e04-5e38-4948-a8b7-66dd1505db1c}</UniqueIdentifier>
    </Filter>
    <Filter Include="Header Files\objects">
      <UniqueIdentifier>{d22dff94-42f9-4162-a137-96e430b47aa5}</UniqueIdentifier>
    </Filter>
    <Filter Include="Header Files\levels">
      <UniqueIdentifier>{cf8327ce-dbd5-48a4-b019-5e860571f4aa}</UniqueIdentifier>
    </Filter>
    <Filter Include="Header Files\general">
      <UniqueIdentifier>{dbf1d781-e33d-4452-a908-7770d50ac023}</UniqueIdentifier>
    </Filter>
    <Filter Include="Source Files\characters">
      <UniqueIdentifier>{963e4c8f-6a9b-43f7-b4ce-eb65624a61ff}</UniqueIdentifier>
    </Filter>
    <Filter Include="Source Files\levels">
      <UniqueIdentifier>{0f04d695-08b9-4198-99eb-a24f13c24a70}</UniqueIdentifier>
    </Filter>
    <Filter Include="Source Files\general">
      <UniqueIdentifier>{1920a523-0c71-4975-af93-18733603292f}</UniqueIdentifier>
    </Filter>
    <Filter Include="Source Files\objects">
      <UniqueIdentifier>{bd147091-fbf1-4fef-926a-8f467b9a6282}</UniqueIdentifier>
    </Filter>
  </ItemGroup>
  <ItemGroup>
    <ClCompile Include="ammo.cpp">
      <Filter>Source Files\objects</Filter>
    </ClCompile>
    <ClCompile Include="character.cpp">
      <Filter>Source Files\characters</Filter>
    </ClCompile>
    <ClCompile Include="config.cpp">
      <Filter>Source Files\general</Filter>
    </ClCompile>
    <ClCompile Include="cop.cpp">
      <Filter>Source Files\characters</Filter>
    </ClCompile>
    <ClCompile Include="first_level.cpp">
      <Filter>Source Files\levels</Filter>
    </ClCompile>
    <ClCompile Include="game_object.cpp">
      <Filter>Source Files\objects</Filter>
    </ClCompile>
    <ClCompile Include="game_state.cpp">
      <Filter>Source Files\general</Filter>
    </ClCompile>
    <ClCompile Include="level.cpp">
      <Filter>Source Files\levels</Filter>
    </ClCompile>
    <ClCompile Include="main.cpp">
      <Filter>Source Files\general</Filter>
    </ClCompile>
    <ClCompile Include="pedestrian.cpp">
      <Filter>Source Files\characters</Filter>
    </ClCompile>
    <ClCompile Include="player.cpp">
      <Filter>Source Files\characters</Filter>
    </ClCompile>
    <ClCompile Include="second_level.cpp">
      <Filter>Source Files\levels</Filter>
    </ClCompile>
    <ClCompile Include="stairs.cpp">
      <Filter>Source Files\objects</Filter>
    </ClCompile>
    <ClCompile Include="timer.cpp">
      <Filter>Source Files\general</Filter>
    </ClCompile>
    <ClCompile Include="criminal.cpp">
      <Filter>Source Files\characters</Filter>
    </ClCompile>
    <ClCompile Include="third_level.cpp">
      <Filter>Source Files\levels</Filter>
    </ClCompile>
    <ClCompile Include="dapites.cpp">
      <Filter>Source Files\characters</Filter>
    </ClCompile>
  </ItemGroup>
  <ItemGroup>
    <ClInclude Include="character.h">
      <Filter>Header Files\characters</Filter>
    </ClInclude>
    <ClInclude Include="pedestrian.h">
      <Filter>Header Files\characters</Filter>
    </ClInclude>
    <ClInclude Include="player.h">
      <Filter>Header Files\characters</Filter>
    </ClInclude>
    <ClInclude Include="box.h">
      <Filter>Header Files\objects</Filter>
    </ClInclude>
    <ClInclude Include="ammo.h">
      <Filter>Header Files\objects</Filter>
    </ClInclude>
    <ClInclude Include="first_level.h">
      <Filter>Header Files\levels</Filter>
    </ClInclude>
    <ClInclude Include="game_object.h">
      <Filter>Header Files\objects</Filter>
    </ClInclude>
    <ClInclude Include="config.h">
      <Filter>Header Files\general</Filter>
    </ClInclude>
    <ClInclude Include="cop.h">
      <Filter>Header Files\characters</Filter>
    </ClInclude>
    <ClInclude Include="game_state.h">
      <Filter>Header Files\general</Filter>
    </ClInclude>
    <ClInclude Include="level.h">
      <Filter>Header Files\levels</Filter>
    </ClInclude>
    <ClInclude Include="second_level.h">
      <Filter>Header Files\levels</Filter>
    </ClInclude>
    <ClInclude Include="stairs.h">
      <Filter>Header Files\objects</Filter>
    </ClInclude>
    <ClInclude Include="timer.h">
      <Filter>Header Files\general</Filter>
    </ClInclude>
    <ClInclude Include="criminal.h">
      <Filter>Header Files\characters</Filter>
    </ClInclude>
    <ClInclude Include="third_level.h">
      <Filter>Header Files\levels</Filter>
    </ClInclude>
    <ClInclude Include="dapites.h">
      <Filter>Header Files\characters</Filter>
    </ClInclude>
  </ItemGroup>
</Project>